{
  "name": "extra-file-class",
  "version": "1.0.1",
  "lockfileVersion": 3,
  "requires": true,
  "packages": {
    "": {
      "name": "extra-file-class",
      "version": "1.0.1",
      "license": "MIT",
      "dependencies": {
        "untildify": "^6.0.0"
      }
    },
    "node_modules/untildify": {
      "version": "6.0.0",
      "resolved": "https://registry.npmjs.org/untildify/-/untildify-6.0.0.tgz",
      "integrity": "sha512-sA2YTBvW2F463GvSbiZtso+dpuQV+B7xX9saX30SGrR5Fyx4AUcvA/zN+ShAkABKUKVyDaHECsJrHv5ToTuHsQ==",
      "license": "MIT",
      "engines": {
        "node": ">=20"
      },
      "funding": {
        "url": "https://github.com/sponsors/sindresorhus"
      }
    }
  }
}
